
Microsoft Visual Studio Solution File, Format Version 12.00
# Visual Studio 15
VisualStudioVersion = 15.0.28307.489
MinimumVisualStudioVersion = 10.0.40219.1
Project("{8BC9CEB8-8B4A-11D0-8D11-00A0C91BC942}") = "task2", "task2.vcxproj", "{48989BC2-11E6-410C-A98F-ED8B14AFC506}"
EndProject
Global
	GlobalSection(SolutionConfigurationPlatforms) = preSolution
		Debug|x64 = Debug|x64
		Debug|x86 = Debug|x86
		Release|x64 = Release|x64
		Release|x86 = Release|x86
	EndGlobalSection
	GlobalSection(ProjectConfigurationPlatforms) = postSolution
		{48989BC2-11E6-410C-A98F-ED8B14AFC506}.Debug|x64.ActiveCfg = Debug|x64
		{48989BC2-11E6-410C-A98F-ED8B14AFC506}.Debug|x64.Build.0 = Debug|x64
		{48989BC2-11E6-410C-A98F-ED8B14AFC506}.Debug|x86.ActiveCfg = Debug|Win32
		{48989BC2-11E6-410C-A98F-ED8B14AFC506}.Debug|x86.Build.0 = Debug|Win32
		{48989BC2-11E6-410C-A98F-ED8B14AFC506}.Release|x64.ActiveCfg = Release|x64
		{48989BC2-11E6-410C-A98F-ED8B14AFC506}.Release|x64.Build.0 = Release|x64
		{48989BC2-11E6-410C-A98F-ED8B14AFC506}.Release|x86.ActiveCfg = Release|Win32
		{48989BC2-11E6-410C-A98F-ED8B14AFC506}.Release|x86.Build.0 = Release|Win32
	EndGlobalSection
	GlobalSection(SolutionProperties) = preSolution
		HideSolutionNode = FALSE
	EndGlobalSection
	GlobalSection(ExtensibilityGlobals) = postSolution
		SolutionGuid = {ECE3C01A-2254-4C77-A5B6-3CC639356747}
	EndGlobalSection
EndGlobal
